
Microsoft Visual Studio Solution File, Format Version 12.00
# Visual Studio Version 17
VisualStudioVersion = 17.9.34902.65
MinimumVisualStudioVersion = 10.0.40219.1
Project("{9A19103F-16F7-4668-BE54-9A1E7A4F7556}") = "AuthenticationApi", "AuthenticationApi.csproj", "{0F79F80B-A049-4170-8DD6-E731EA11982D}"
EndProject
Global
	GlobalSection(SolutionConfigurationPlatforms) = preSolution
		Debug|Any CPU = Debug|Any CPU
		Release|Any CPU = Release|Any CPU
	EndGlobalSection
	GlobalSection(ProjectConfigurationPlatforms) = postSolution
		{0F79F80B-A049-4170-8DD6-E731EA11982D}.Debug|Any CPU.ActiveCfg = Debug|Any CPU
		{0F79F80B-A049-4170-8DD6-E731EA11982D}.Debug|Any CPU.Build.0 = Debug|Any CPU
		{0F79F80B-A049-4170-8DD6-E731EA11982D}.Release|Any CPU.ActiveCfg = Release|Any CPU
		{0F79F80B-A049-4170-8DD6-E731EA11982D}.Release|Any CPU.Build.0 = Release|Any CPU
	EndGlobalSection
	GlobalSection(SolutionProperties) = preSolution
		HideSolutionNode = FALSE
	EndGlobalSection
	GlobalSection(ExtensibilityGlobals) = postSolution
		SolutionGuid = {035946A4-364B-4B00-A5BB-A6A82AB312E3}
	EndGlobalSection
EndGlobal
